
Microsoft Visual Studio Solution File, Format Version 12.00
# Visual Studio 15
VisualStudioVersion = 15.0.27428.2027
MinimumVisualStudioVersion = 10.0.40219.1
Project("{FAE04EC0-301F-11D3-BF4B-00C04F79EFBC}") = "AzureBootCampAppInsights", "AzureBootCampAppInsights\AzureBootCampAppInsights.csproj", "{86DF85E4-EFB2-4940-970A-307FACABC293}"
EndProject
Global
	GlobalSection(SolutionConfigurationPlatforms) = preSolution
		Debug|Any CPU = Debug|Any CPU
		Release|Any CPU = Release|Any CPU
	EndGlobalSection
	GlobalSection(ProjectConfigurationPlatforms) = postSolution
		{86DF85E4-EFB2-4940-970A-307FACABC293}.Debug|Any CPU.ActiveCfg = Debug|Any CPU
		{86DF85E4-EFB2-4940-970A-307FACABC293}.Debug|Any CPU.Build.0 = Debug|Any CPU
		{86DF85E4-EFB2-4940-970A-307FACABC293}.Release|Any CPU.ActiveCfg = Release|Any CPU
		{86DF85E4-EFB2-4940-970A-307FACABC293}.Release|Any CPU.Build.0 = Release|Any CPU
	EndGlobalSection
	GlobalSection(SolutionProperties) = preSolution
		HideSolutionNode = FALSE
	EndGlobalSection
	GlobalSection(ExtensibilityGlobals) = postSolution
		SolutionGuid = {5EF2EB66-CB6F-4B72-8ADE-7B60D9EF1C2E}
	EndGlobalSection
EndGlobal
